
Microsoft Visual Studio Solution File, Format Version 12.00
# Visual Studio 14
VisualStudioVersion = 14.0.25123.0
MinimumVisualStudioVersion = 10.0.40219.1
Project("{F2A71F9B-5D33-465A-A702-920D77279786}") = "WpfFormlets", "WpfFormlets\WpfFormlets.fsproj", "{ADF179FC-B969-4ED9-9F5D-9D2522AA7748}"
EndProject
Project("{F2A71F9B-5D33-465A-A702-920D77279786}") = "WebSharperFormlets", "WebSharperFormlets\WebSharperFormlets.fsproj", "{EE1906DD-7C8F-45A1-B55C-A5BC1380772B}"
EndProject
Global
	GlobalSection(SolutionConfigurationPlatforms) = preSolution
		Debug|Any CPU = Debug|Any CPU
		Release|Any CPU = Release|Any CPU
	EndGlobalSection
	GlobalSection(ProjectConfigurationPlatforms) = postSolution
		{ADF179FC-B969-4ED9-9F5D-9D2522AA7748}.Debug|Any CPU.ActiveCfg = Debug|Any CPU
		{ADF179FC-B969-4ED9-9F5D-9D2522AA7748}.Debug|Any CPU.Build.0 = Debug|Any CPU
		{ADF179FC-B969-4ED9-9F5D-9D2522AA7748}.Release|Any CPU.ActiveCfg = Release|Any CPU
		{ADF179FC-B969-4ED9-9F5D-9D2522AA7748}.Release|Any CPU.Build.0 = Release|Any CPU
		{EE1906DD-7C8F-45A1-B55C-A5BC1380772B}.Debug|Any CPU.ActiveCfg = Debug|Any CPU
		{EE1906DD-7C8F-45A1-B55C-A5BC1380772B}.Debug|Any CPU.Build.0 = Debug|Any CPU
		{EE1906DD-7C8F-45A1-B55C-A5BC1380772B}.Release|Any CPU.ActiveCfg = Release|Any CPU
		{EE1906DD-7C8F-45A1-B55C-A5BC1380772B}.Release|Any CPU.Build.0 = Release|Any CPU
	EndGlobalSection
	GlobalSection(SolutionProperties) = preSolution
		HideSolutionNode = FALSE
	EndGlobalSection
EndGlobal
