
Microsoft Visual Studio Solution File, Format Version 12.00
# Visual Studio 2013
VisualStudioVersion = 12.0.31101.0
MinimumVisualStudioVersion = 10.0.40219.1
Project("{F2A71F9B-5D33-465A-A702-920D77279786}") = "fsharp", "fsharp\fsharp.fsproj", "{932DD069-821D-4AE3-A8DE-31187625BEA6}"
EndProject
Project("{F2A71F9B-5D33-465A-A702-920D77279786}") = "fsharp.presenation", "fsharp.presenation\fsharp.presenation.fsproj", "{32DEF95A-8E14-4F65-B6FE-477BA3E6D01C}"
EndProject
Project("{F2A71F9B-5D33-465A-A702-920D77279786}") = "gravity", "gravity\gravity.fsproj", "{4E07F729-CB5D-4E70-8C42-BBB8EABB2D39}"
EndProject
Project("{F2A71F9B-5D33-465A-A702-920D77279786}") = "turtle", "turtle\turtle.fsproj", "{05E27B5C-A8DC-40CB-91B3-C6730EA306DC}"
EndProject
Project("{F2A71F9B-5D33-465A-A702-920D77279786}") = "RayTracer", "RayTracer\RayTracer.fsproj", "{8C2F8078-7425-4592-932F-28EF0EC32091}"
EndProject
Project("{FAE04EC0-301F-11D3-BF4B-00C04F79EFBC}") = "Farseer Physics", "extermal\Farseer Physics Engine 3.5\Farseer Physics.csproj", "{A4610E4C-DD34-428B-BABB-779CA0B5993A}"
EndProject
Project("{2150E333-8FDC-42A3-9474-1A3956D46DE8}") = "0. External", "0. External", "{5169E537-32AE-40A1-967A-0C89DAB2CEB9}"
EndProject
Project("{F2A71F9B-5D33-465A-A702-920D77279786}") = "physics", "physics\physics.fsproj", "{B0E89D13-86F2-4983-AEDE-561BCA10D955}"
EndProject
Project("{F2A71F9B-5D33-465A-A702-920D77279786}") = "interactive_sort", "interactive_sort\interactive_sort.fsproj", "{C98B952A-6912-499F-BF27-7D5304799B58}"
EndProject
Global
	GlobalSection(SolutionConfigurationPlatforms) = preSolution
		Debug|Any CPU = Debug|Any CPU
		Release|Any CPU = Release|Any CPU
	EndGlobalSection
	GlobalSection(ProjectConfigurationPlatforms) = postSolution
		{932DD069-821D-4AE3-A8DE-31187625BEA6}.Debug|Any CPU.ActiveCfg = Debug|Any CPU
		{932DD069-821D-4AE3-A8DE-31187625BEA6}.Debug|Any CPU.Build.0 = Debug|Any CPU
		{932DD069-821D-4AE3-A8DE-31187625BEA6}.Release|Any CPU.ActiveCfg = Release|Any CPU
		{932DD069-821D-4AE3-A8DE-31187625BEA6}.Release|Any CPU.Build.0 = Release|Any CPU
		{32DEF95A-8E14-4F65-B6FE-477BA3E6D01C}.Debug|Any CPU.ActiveCfg = Debug|Any CPU
		{32DEF95A-8E14-4F65-B6FE-477BA3E6D01C}.Debug|Any CPU.Build.0 = Debug|Any CPU
		{32DEF95A-8E14-4F65-B6FE-477BA3E6D01C}.Release|Any CPU.ActiveCfg = Release|Any CPU
		{32DEF95A-8E14-4F65-B6FE-477BA3E6D01C}.Release|Any CPU.Build.0 = Release|Any CPU
		{4E07F729-CB5D-4E70-8C42-BBB8EABB2D39}.Debug|Any CPU.ActiveCfg = Debug|Any CPU
		{4E07F729-CB5D-4E70-8C42-BBB8EABB2D39}.Debug|Any CPU.Build.0 = Debug|Any CPU
		{4E07F729-CB5D-4E70-8C42-BBB8EABB2D39}.Release|Any CPU.ActiveCfg = Release|Any CPU
		{4E07F729-CB5D-4E70-8C42-BBB8EABB2D39}.Release|Any CPU.Build.0 = Release|Any CPU
		{05E27B5C-A8DC-40CB-91B3-C6730EA306DC}.Debug|Any CPU.ActiveCfg = Debug|Any CPU
		{05E27B5C-A8DC-40CB-91B3-C6730EA306DC}.Debug|Any CPU.Build.0 = Debug|Any CPU
		{05E27B5C-A8DC-40CB-91B3-C6730EA306DC}.Release|Any CPU.ActiveCfg = Release|Any CPU
		{05E27B5C-A8DC-40CB-91B3-C6730EA306DC}.Release|Any CPU.Build.0 = Release|Any CPU
		{8C2F8078-7425-4592-932F-28EF0EC32091}.Debug|Any CPU.ActiveCfg = Debug|Any CPU
		{8C2F8078-7425-4592-932F-28EF0EC32091}.Debug|Any CPU.Build.0 = Debug|Any CPU
		{8C2F8078-7425-4592-932F-28EF0EC32091}.Release|Any CPU.ActiveCfg = Release|Any CPU
		{8C2F8078-7425-4592-932F-28EF0EC32091}.Release|Any CPU.Build.0 = Release|Any CPU
		{A4610E4C-DD34-428B-BABB-779CA0B5993A}.Debug|Any CPU.ActiveCfg = Debug|Any CPU
		{A4610E4C-DD34-428B-BABB-779CA0B5993A}.Debug|Any CPU.Build.0 = Debug|Any CPU
		{A4610E4C-DD34-428B-BABB-779CA0B5993A}.Release|Any CPU.ActiveCfg = Release|Any CPU
		{A4610E4C-DD34-428B-BABB-779CA0B5993A}.Release|Any CPU.Build.0 = Release|Any CPU
		{B0E89D13-86F2-4983-AEDE-561BCA10D955}.Debug|Any CPU.ActiveCfg = Debug|Any CPU
		{B0E89D13-86F2-4983-AEDE-561BCA10D955}.Debug|Any CPU.Build.0 = Debug|Any CPU
		{B0E89D13-86F2-4983-AEDE-561BCA10D955}.Release|Any CPU.ActiveCfg = Release|Any CPU
		{B0E89D13-86F2-4983-AEDE-561BCA10D955}.Release|Any CPU.Build.0 = Release|Any CPU
		{C98B952A-6912-499F-BF27-7D5304799B58}.Debug|Any CPU.ActiveCfg = Debug|Any CPU
		{C98B952A-6912-499F-BF27-7D5304799B58}.Debug|Any CPU.Build.0 = Debug|Any CPU
		{C98B952A-6912-499F-BF27-7D5304799B58}.Release|Any CPU.ActiveCfg = Release|Any CPU
		{C98B952A-6912-499F-BF27-7D5304799B58}.Release|Any CPU.Build.0 = Release|Any CPU
	EndGlobalSection
	GlobalSection(SolutionProperties) = preSolution
		HideSolutionNode = FALSE
	EndGlobalSection
	GlobalSection(NestedProjects) = preSolution
		{A4610E4C-DD34-428B-BABB-779CA0B5993A} = {5169E537-32AE-40A1-967A-0C89DAB2CEB9}
	EndGlobalSection
EndGlobal
