
Microsoft Visual Studio Solution File, Format Version 12.00
# Visual Studio 2013
VisualStudioVersion = 12.0.31101.0
MinimumVisualStudioVersion = 10.0.40219.1
Project("{F2A71F9B-5D33-465A-A702-920D77279786}") = "fsharp", "fsharp\fsharp.fsproj", "{932DD069-821D-4AE3-A8DE-31187625BEA6}"
EndProject
Project("{F2A71F9B-5D33-465A-A702-920D77279786}") = "fsharp.presenation", "fsharp.presenation\fsharp.presenation.fsproj", "{32DEF95A-8E14-4F65-B6FE-477BA3E6D01C}"
EndProject
Project("{F2A71F9B-5D33-465A-A702-920D77279786}") = "gravity", "gravity\gravity.fsproj", "{4E07F729-CB5D-4E70-8C42-BBB8EABB2D39}"
EndProject
Project("{F2A71F9B-5D33-465A-A702-920D77279786}") = "turtle", "turtle\turtle.fsproj", "{05E27B5C-A8DC-40CB-91B3-C6730EA306DC}"
EndProject
Project("{F2A71F9B-5D33-465A-A702-920D77279786}") = "RayTracer", "RayTracer\RayTracer.fsproj", "{8C2F8078-7425-4592-932F-28EF0EC32091}"
EndProject
Global
	GlobalSection(SolutionConfigurationPlatforms) = preSolution
		Debug|Any CPU = Debug|Any CPU
		Release|Any CPU = Release|Any CPU
	EndGlobalSection
	GlobalSection(ProjectConfigurationPlatforms) = postSolution
		{932DD069-821D-4AE3-A8DE-31187625BEA6}.Debug|Any CPU.ActiveCfg = Debug|Any CPU
		{932DD069-821D-4AE3-A8DE-31187625BEA6}.Debug|Any CPU.Build.0 = Debug|Any CPU
		{932DD069-821D-4AE3-A8DE-31187625BEA6}.Release|Any CPU.ActiveCfg = Release|Any CPU
		{932DD069-821D-4AE3-A8DE-31187625BEA6}.Release|Any CPU.Build.0 = Release|Any CPU
		{32DEF95A-8E14-4F65-B6FE-477BA3E6D01C}.Debug|Any CPU.ActiveCfg = Debug|Any CPU
		{32DEF95A-8E14-4F65-B6FE-477BA3E6D01C}.Debug|Any CPU.Build.0 = Debug|Any CPU
		{32DEF95A-8E14-4F65-B6FE-477BA3E6D01C}.Release|Any CPU.ActiveCfg = Release|Any CPU
		{32DEF95A-8E14-4F65-B6FE-477BA3E6D01C}.Release|Any CPU.Build.0 = Release|Any CPU
		{4E07F729-CB5D-4E70-8C42-BBB8EABB2D39}.Debug|Any CPU.ActiveCfg = Debug|Any CPU
		{4E07F729-CB5D-4E70-8C42-BBB8EABB2D39}.Debug|Any CPU.Build.0 = Debug|Any CPU
		{4E07F729-CB5D-4E70-8C42-BBB8EABB2D39}.Release|Any CPU.ActiveCfg = Release|Any CPU
		{4E07F729-CB5D-4E70-8C42-BBB8EABB2D39}.Release|Any CPU.Build.0 = Release|Any CPU
		{05E27B5C-A8DC-40CB-91B3-C6730EA306DC}.Debug|Any CPU.ActiveCfg = Debug|Any CPU
		{05E27B5C-A8DC-40CB-91B3-C6730EA306DC}.Debug|Any CPU.Build.0 = Debug|Any CPU
		{05E27B5C-A8DC-40CB-91B3-C6730EA306DC}.Release|Any CPU.ActiveCfg = Release|Any CPU
		{05E27B5C-A8DC-40CB-91B3-C6730EA306DC}.Release|Any CPU.Build.0 = Release|Any CPU
		{8C2F8078-7425-4592-932F-28EF0EC32091}.Debug|Any CPU.ActiveCfg = Debug|Any CPU
		{8C2F8078-7425-4592-932F-28EF0EC32091}.Debug|Any CPU.Build.0 = Debug|Any CPU
		{8C2F8078-7425-4592-932F-28EF0EC32091}.Release|Any CPU.ActiveCfg = Release|Any CPU
		{8C2F8078-7425-4592-932F-28EF0EC32091}.Release|Any CPU.Build.0 = Release|Any CPU
	EndGlobalSection
	GlobalSection(SolutionProperties) = preSolution
		HideSolutionNode = FALSE
	EndGlobalSection
EndGlobal
