
Microsoft Visual Studio Solution File, Format Version 12.00
# Visual Studio 15
VisualStudioVersion = 15.0.26730.10
MinimumVisualStudioVersion = 10.0.40219.1
Project("{8BC9CEB8-8B4A-11D0-8D11-00A0C91BC942}") = "reference", "reference\reference.vcxproj", "{4E4041E9-122E-4FF7-90A6-25DA71416FE7}"
EndProject
Project("{8BC9CEB8-8B4A-11D0-8D11-00A0C91BC942}") = "avx", "avx\avx.vcxproj", "{DB146FA6-C115-4558-9BE9-62179988AF5B}"
EndProject
Project("{8BC9CEB8-8B4A-11D0-8D11-00A0C91BC942}") = "avx4", "avx4\avx4.vcxproj", "{4D90B38F-AEA8-4BD5-BE94-F291243AAD01}"
EndProject
Project("{8BC9CEB8-8B4A-11D0-8D11-00A0C91BC942}") = "unroll", "unroll\unroll.vcxproj", "{339CB69C-620C-458E-A53F-CC633E0B78D6}"
EndProject
Project("{FAE04EC0-301F-11D3-BF4B-00C04F79EFBC}") = "csharp", "csharp\csharp.csproj", "{2866CAAC-E854-475B-A09D-4896BE0B8500}"
EndProject
Project("{8BC9CEB8-8B4A-11D0-8D11-00A0C91BC942}") = "avx_eq", "avx_eq\avx_eq.vcxproj", "{6AB4D140-1A2F-4F95-A594-14661E8F8D23}"
EndProject
Project("{F2A71F9B-5D33-465A-A702-920D77279786}") = "fsharp", "fsharp\fsharp.fsproj", "{07FFA36D-86AD-48C0-BD4D-8EF1AB7670C7}"
EndProject
Project("{9A19103F-16F7-4668-BE54-9A1E7A4F7556}") = "reference_dnc", "reference_dnc\reference_dnc.csproj", "{F594F1A1-7D5C-4F67-8916-59177F2AE768}"
EndProject
Project("{9A19103F-16F7-4668-BE54-9A1E7A4F7556}") = "csharp_dnc", "csharp_dnc\csharp_dnc.csproj", "{8D4EE6CE-5AE1-4867-A1C4-1E2CFBB5FB4A}"
EndProject
Project("{6EC3EE1D-3C4E-46DD-8F32-0CC8E7565705}") = "fsharp_dnc", "fsharp_dnc\fsharp_dnc.fsproj", "{0C5A13BC-3D5C-43D8-B1CD-BD25FA5CD5B7}"
EndProject
Global
	GlobalSection(SolutionConfigurationPlatforms) = preSolution
		Debug|Any CPU = Debug|Any CPU
		Debug|x64 = Debug|x64
		Debug|x86 = Debug|x86
		Release|Any CPU = Release|Any CPU
		Release|x64 = Release|x64
		Release|x86 = Release|x86
	EndGlobalSection
	GlobalSection(ProjectConfigurationPlatforms) = postSolution
		{4E4041E9-122E-4FF7-90A6-25DA71416FE7}.Debug|Any CPU.ActiveCfg = Debug|Win32
		{4E4041E9-122E-4FF7-90A6-25DA71416FE7}.Debug|x64.ActiveCfg = Debug|x64
		{4E4041E9-122E-4FF7-90A6-25DA71416FE7}.Debug|x64.Build.0 = Debug|x64
		{4E4041E9-122E-4FF7-90A6-25DA71416FE7}.Debug|x86.ActiveCfg = Debug|Win32
		{4E4041E9-122E-4FF7-90A6-25DA71416FE7}.Debug|x86.Build.0 = Debug|Win32
		{4E4041E9-122E-4FF7-90A6-25DA71416FE7}.Release|Any CPU.ActiveCfg = Release|Win32
		{4E4041E9-122E-4FF7-90A6-25DA71416FE7}.Release|x64.ActiveCfg = Release|x64
		{4E4041E9-122E-4FF7-90A6-25DA71416FE7}.Release|x64.Build.0 = Release|x64
		{4E4041E9-122E-4FF7-90A6-25DA71416FE7}.Release|x86.ActiveCfg = Release|Win32
		{4E4041E9-122E-4FF7-90A6-25DA71416FE7}.Release|x86.Build.0 = Release|Win32
		{DB146FA6-C115-4558-9BE9-62179988AF5B}.Debug|Any CPU.ActiveCfg = Debug|Win32
		{DB146FA6-C115-4558-9BE9-62179988AF5B}.Debug|x64.ActiveCfg = Debug|x64
		{DB146FA6-C115-4558-9BE9-62179988AF5B}.Debug|x64.Build.0 = Debug|x64
		{DB146FA6-C115-4558-9BE9-62179988AF5B}.Debug|x86.ActiveCfg = Debug|Win32
		{DB146FA6-C115-4558-9BE9-62179988AF5B}.Debug|x86.Build.0 = Debug|Win32
		{DB146FA6-C115-4558-9BE9-62179988AF5B}.Release|Any CPU.ActiveCfg = Release|Win32
		{DB146FA6-C115-4558-9BE9-62179988AF5B}.Release|x64.ActiveCfg = Release|x64
		{DB146FA6-C115-4558-9BE9-62179988AF5B}.Release|x64.Build.0 = Release|x64
		{DB146FA6-C115-4558-9BE9-62179988AF5B}.Release|x86.ActiveCfg = Release|Win32
		{DB146FA6-C115-4558-9BE9-62179988AF5B}.Release|x86.Build.0 = Release|Win32
		{4D90B38F-AEA8-4BD5-BE94-F291243AAD01}.Debug|Any CPU.ActiveCfg = Debug|Win32
		{4D90B38F-AEA8-4BD5-BE94-F291243AAD01}.Debug|x64.ActiveCfg = Debug|x64
		{4D90B38F-AEA8-4BD5-BE94-F291243AAD01}.Debug|x64.Build.0 = Debug|x64
		{4D90B38F-AEA8-4BD5-BE94-F291243AAD01}.Debug|x86.ActiveCfg = Debug|Win32
		{4D90B38F-AEA8-4BD5-BE94-F291243AAD01}.Debug|x86.Build.0 = Debug|Win32
		{4D90B38F-AEA8-4BD5-BE94-F291243AAD01}.Release|Any CPU.ActiveCfg = Release|Win32
		{4D90B38F-AEA8-4BD5-BE94-F291243AAD01}.Release|x64.ActiveCfg = Release|x64
		{4D90B38F-AEA8-4BD5-BE94-F291243AAD01}.Release|x64.Build.0 = Release|x64
		{4D90B38F-AEA8-4BD5-BE94-F291243AAD01}.Release|x86.ActiveCfg = Release|Win32
		{4D90B38F-AEA8-4BD5-BE94-F291243AAD01}.Release|x86.Build.0 = Release|Win32
		{339CB69C-620C-458E-A53F-CC633E0B78D6}.Debug|Any CPU.ActiveCfg = Debug|Win32
		{339CB69C-620C-458E-A53F-CC633E0B78D6}.Debug|x64.ActiveCfg = Debug|x64
		{339CB69C-620C-458E-A53F-CC633E0B78D6}.Debug|x64.Build.0 = Debug|x64
		{339CB69C-620C-458E-A53F-CC633E0B78D6}.Debug|x86.ActiveCfg = Debug|Win32
		{339CB69C-620C-458E-A53F-CC633E0B78D6}.Debug|x86.Build.0 = Debug|Win32
		{339CB69C-620C-458E-A53F-CC633E0B78D6}.Release|Any CPU.ActiveCfg = Release|Win32
		{339CB69C-620C-458E-A53F-CC633E0B78D6}.Release|x64.ActiveCfg = Release|x64
		{339CB69C-620C-458E-A53F-CC633E0B78D6}.Release|x64.Build.0 = Release|x64
		{339CB69C-620C-458E-A53F-CC633E0B78D6}.Release|x86.ActiveCfg = Release|Win32
		{339CB69C-620C-458E-A53F-CC633E0B78D6}.Release|x86.Build.0 = Release|Win32
		{2866CAAC-E854-475B-A09D-4896BE0B8500}.Debug|Any CPU.ActiveCfg = Debug|Any CPU
		{2866CAAC-E854-475B-A09D-4896BE0B8500}.Debug|Any CPU.Build.0 = Debug|Any CPU
		{2866CAAC-E854-475B-A09D-4896BE0B8500}.Debug|x64.ActiveCfg = Debug|x64
		{2866CAAC-E854-475B-A09D-4896BE0B8500}.Debug|x64.Build.0 = Debug|x64
		{2866CAAC-E854-475B-A09D-4896BE0B8500}.Debug|x86.ActiveCfg = Debug|x86
		{2866CAAC-E854-475B-A09D-4896BE0B8500}.Debug|x86.Build.0 = Debug|x86
		{2866CAAC-E854-475B-A09D-4896BE0B8500}.Release|Any CPU.ActiveCfg = Release|Any CPU
		{2866CAAC-E854-475B-A09D-4896BE0B8500}.Release|Any CPU.Build.0 = Release|Any CPU
		{2866CAAC-E854-475B-A09D-4896BE0B8500}.Release|x64.ActiveCfg = Release|x64
		{2866CAAC-E854-475B-A09D-4896BE0B8500}.Release|x64.Build.0 = Release|x64
		{2866CAAC-E854-475B-A09D-4896BE0B8500}.Release|x86.ActiveCfg = Release|x86
		{2866CAAC-E854-475B-A09D-4896BE0B8500}.Release|x86.Build.0 = Release|x86
		{6AB4D140-1A2F-4F95-A594-14661E8F8D23}.Debug|Any CPU.ActiveCfg = Debug|Win32
		{6AB4D140-1A2F-4F95-A594-14661E8F8D23}.Debug|x64.ActiveCfg = Debug|x64
		{6AB4D140-1A2F-4F95-A594-14661E8F8D23}.Debug|x64.Build.0 = Debug|x64
		{6AB4D140-1A2F-4F95-A594-14661E8F8D23}.Debug|x86.ActiveCfg = Debug|Win32
		{6AB4D140-1A2F-4F95-A594-14661E8F8D23}.Debug|x86.Build.0 = Debug|Win32
		{6AB4D140-1A2F-4F95-A594-14661E8F8D23}.Release|Any CPU.ActiveCfg = Release|Win32
		{6AB4D140-1A2F-4F95-A594-14661E8F8D23}.Release|x64.ActiveCfg = Release|x64
		{6AB4D140-1A2F-4F95-A594-14661E8F8D23}.Release|x64.Build.0 = Release|x64
		{6AB4D140-1A2F-4F95-A594-14661E8F8D23}.Release|x86.ActiveCfg = Release|Win32
		{6AB4D140-1A2F-4F95-A594-14661E8F8D23}.Release|x86.Build.0 = Release|Win32
		{07FFA36D-86AD-48C0-BD4D-8EF1AB7670C7}.Debug|Any CPU.ActiveCfg = Debug|Any CPU
		{07FFA36D-86AD-48C0-BD4D-8EF1AB7670C7}.Debug|Any CPU.Build.0 = Debug|Any CPU
		{07FFA36D-86AD-48C0-BD4D-8EF1AB7670C7}.Debug|x64.ActiveCfg = Debug|x64
		{07FFA36D-86AD-48C0-BD4D-8EF1AB7670C7}.Debug|x64.Build.0 = Debug|x64
		{07FFA36D-86AD-48C0-BD4D-8EF1AB7670C7}.Debug|x86.ActiveCfg = Debug|x86
		{07FFA36D-86AD-48C0-BD4D-8EF1AB7670C7}.Debug|x86.Build.0 = Debug|x86
		{07FFA36D-86AD-48C0-BD4D-8EF1AB7670C7}.Release|Any CPU.ActiveCfg = Release|Any CPU
		{07FFA36D-86AD-48C0-BD4D-8EF1AB7670C7}.Release|Any CPU.Build.0 = Release|Any CPU
		{07FFA36D-86AD-48C0-BD4D-8EF1AB7670C7}.Release|x64.ActiveCfg = Release|x64
		{07FFA36D-86AD-48C0-BD4D-8EF1AB7670C7}.Release|x64.Build.0 = Release|x64
		{07FFA36D-86AD-48C0-BD4D-8EF1AB7670C7}.Release|x86.ActiveCfg = Release|x86
		{07FFA36D-86AD-48C0-BD4D-8EF1AB7670C7}.Release|x86.Build.0 = Release|x86
		{F594F1A1-7D5C-4F67-8916-59177F2AE768}.Debug|Any CPU.ActiveCfg = Debug|Any CPU
		{F594F1A1-7D5C-4F67-8916-59177F2AE768}.Debug|Any CPU.Build.0 = Debug|Any CPU
		{F594F1A1-7D5C-4F67-8916-59177F2AE768}.Debug|x64.ActiveCfg = Debug|Any CPU
		{F594F1A1-7D5C-4F67-8916-59177F2AE768}.Debug|x64.Build.0 = Debug|Any CPU
		{F594F1A1-7D5C-4F67-8916-59177F2AE768}.Debug|x86.ActiveCfg = Debug|Any CPU
		{F594F1A1-7D5C-4F67-8916-59177F2AE768}.Debug|x86.Build.0 = Debug|Any CPU
		{F594F1A1-7D5C-4F67-8916-59177F2AE768}.Release|Any CPU.ActiveCfg = Release|Any CPU
		{F594F1A1-7D5C-4F67-8916-59177F2AE768}.Release|Any CPU.Build.0 = Release|Any CPU
		{F594F1A1-7D5C-4F67-8916-59177F2AE768}.Release|x64.ActiveCfg = Release|Any CPU
		{F594F1A1-7D5C-4F67-8916-59177F2AE768}.Release|x64.Build.0 = Release|Any CPU
		{F594F1A1-7D5C-4F67-8916-59177F2AE768}.Release|x86.ActiveCfg = Release|Any CPU
		{F594F1A1-7D5C-4F67-8916-59177F2AE768}.Release|x86.Build.0 = Release|Any CPU
		{8D4EE6CE-5AE1-4867-A1C4-1E2CFBB5FB4A}.Debug|Any CPU.ActiveCfg = Debug|Any CPU
		{8D4EE6CE-5AE1-4867-A1C4-1E2CFBB5FB4A}.Debug|Any CPU.Build.0 = Debug|Any CPU
		{8D4EE6CE-5AE1-4867-A1C4-1E2CFBB5FB4A}.Debug|x64.ActiveCfg = Debug|Any CPU
		{8D4EE6CE-5AE1-4867-A1C4-1E2CFBB5FB4A}.Debug|x64.Build.0 = Debug|Any CPU
		{8D4EE6CE-5AE1-4867-A1C4-1E2CFBB5FB4A}.Debug|x86.ActiveCfg = Debug|Any CPU
		{8D4EE6CE-5AE1-4867-A1C4-1E2CFBB5FB4A}.Debug|x86.Build.0 = Debug|Any CPU
		{8D4EE6CE-5AE1-4867-A1C4-1E2CFBB5FB4A}.Release|Any CPU.ActiveCfg = Release|Any CPU
		{8D4EE6CE-5AE1-4867-A1C4-1E2CFBB5FB4A}.Release|Any CPU.Build.0 = Release|Any CPU
		{8D4EE6CE-5AE1-4867-A1C4-1E2CFBB5FB4A}.Release|x64.ActiveCfg = Release|Any CPU
		{8D4EE6CE-5AE1-4867-A1C4-1E2CFBB5FB4A}.Release|x64.Build.0 = Release|Any CPU
		{8D4EE6CE-5AE1-4867-A1C4-1E2CFBB5FB4A}.Release|x86.ActiveCfg = Release|Any CPU
		{8D4EE6CE-5AE1-4867-A1C4-1E2CFBB5FB4A}.Release|x86.Build.0 = Release|Any CPU
		{0C5A13BC-3D5C-43D8-B1CD-BD25FA5CD5B7}.Debug|Any CPU.ActiveCfg = Debug|Any CPU
		{0C5A13BC-3D5C-43D8-B1CD-BD25FA5CD5B7}.Debug|Any CPU.Build.0 = Debug|Any CPU
		{0C5A13BC-3D5C-43D8-B1CD-BD25FA5CD5B7}.Debug|x64.ActiveCfg = Debug|Any CPU
		{0C5A13BC-3D5C-43D8-B1CD-BD25FA5CD5B7}.Debug|x64.Build.0 = Debug|Any CPU
		{0C5A13BC-3D5C-43D8-B1CD-BD25FA5CD5B7}.Debug|x86.ActiveCfg = Debug|Any CPU
		{0C5A13BC-3D5C-43D8-B1CD-BD25FA5CD5B7}.Debug|x86.Build.0 = Debug|Any CPU
		{0C5A13BC-3D5C-43D8-B1CD-BD25FA5CD5B7}.Release|Any CPU.ActiveCfg = Release|Any CPU
		{0C5A13BC-3D5C-43D8-B1CD-BD25FA5CD5B7}.Release|Any CPU.Build.0 = Release|Any CPU
		{0C5A13BC-3D5C-43D8-B1CD-BD25FA5CD5B7}.Release|x64.ActiveCfg = Release|Any CPU
		{0C5A13BC-3D5C-43D8-B1CD-BD25FA5CD5B7}.Release|x64.Build.0 = Release|Any CPU
		{0C5A13BC-3D5C-43D8-B1CD-BD25FA5CD5B7}.Release|x86.ActiveCfg = Release|Any CPU
		{0C5A13BC-3D5C-43D8-B1CD-BD25FA5CD5B7}.Release|x86.Build.0 = Release|Any CPU
	EndGlobalSection
	GlobalSection(SolutionProperties) = preSolution
		HideSolutionNode = FALSE
	EndGlobalSection
	GlobalSection(ExtensibilityGlobals) = postSolution
		SolutionGuid = {38BCF3EA-DADF-4CE0-8776-80EB4E57C106}
	EndGlobalSection
EndGlobal
